
Microsoft Visual Studio Solution File, Format Version 11.00
# Visual Studio 2010
Project("{8BC9CEB8-8B4A-11D0-8D11-00A0C91BC942}") = "IQuestion1", "IQuestion1\IQuestion1.vcxproj", "{97DE426C-F045-4455-B1C9-2CC42C4F673A}"
EndProject
Global
	GlobalSection(SolutionConfigurationPlatforms) = preSolution
		Debug|Win32 = Debug|Win32
		Release|Win32 = Release|Win32
	EndGlobalSection
	GlobalSection(ProjectConfigurationPlatforms) = postSolution
		{97DE426C-F045-4455-B1C9-2CC42C4F673A}.Debug|Win32.ActiveCfg = Debug|Win32
		{97DE426C-F045-4455-B1C9-2CC42C4F673A}.Debug|Win32.Build.0 = Debug|Win32
		{97DE426C-F045-4455-B1C9-2CC42C4F673A}.Release|Win32.ActiveCfg = Release|Win32
		{97DE426C-F045-4455-B1C9-2CC42C4F673A}.Release|Win32.Build.0 = Release|Win32
	EndGlobalSection
	GlobalSection(SolutionProperties) = preSolution
		HideSolutionNode = FALSE
	EndGlobalSection
EndGlobal
